
Microsoft Visual Studio Solution File, Format Version 12.00
# Visual Studio Version 16
VisualStudioVersion = 16.0.33027.164
MinimumVisualStudioVersion = 10.0.40219.1
Project("{FAE04EC0-301F-11D3-BF4B-00C04F79EFBC}") = "InsuranceProgram", "InsuranceProgram\InsuranceProgram.csproj", "{2AB1898C-95B8-47AA-B691-5E5B8E6986D1}"
EndProject
Global
	GlobalSection(SolutionConfigurationPlatforms) = preSolution
		Debug|Any CPU = Debug|Any CPU
		Release|Any CPU = Release|Any CPU
	EndGlobalSection
	GlobalSection(ProjectConfigurationPlatforms) = postSolution
		{2AB1898C-95B8-47AA-B691-5E5B8E6986D1}.Debug|Any CPU.ActiveCfg = Debug|Any CPU
		{2AB1898C-95B8-47AA-B691-5E5B8E6986D1}.Debug|Any CPU.Build.0 = Debug|Any CPU
		{2AB1898C-95B8-47AA-B691-5E5B8E6986D1}.Release|Any CPU.ActiveCfg = Release|Any CPU
		{2AB1898C-95B8-47AA-B691-5E5B8E6986D1}.Release|Any CPU.Build.0 = Release|Any CPU
	EndGlobalSection
	GlobalSection(SolutionProperties) = preSolution
		HideSolutionNode = FALSE
	EndGlobalSection
	GlobalSection(ExtensibilityGlobals) = postSolution
		SolutionGuid = {A5D8DEA0-45D7-4F5A-96AE-229E65E476FD}
	EndGlobalSection
EndGlobal
